
Microsoft Visual Studio Solution File, Format Version 12.00
# Visual Studio Version 16
VisualStudioVersion = 16.0.31515.178
MinimumVisualStudioVersion = 10.0.40219.1
Project("{FAE04EC0-301F-11D3-BF4B-00C04F79EFBC}") = "zcc-tickets", "zcc-tickets.csproj", "{5CC969D7-6B6F-4F8E-95E1-F15566A8B82A}"
EndProject
Global
	GlobalSection(SolutionConfigurationPlatforms) = preSolution
		Debug|Any CPU = Debug|Any CPU
		Release|Any CPU = Release|Any CPU
	EndGlobalSection
	GlobalSection(ProjectConfigurationPlatforms) = postSolution
		{5CC969D7-6B6F-4F8E-95E1-F15566A8B82A}.Debug|Any CPU.ActiveCfg = Debug|Any CPU
		{5CC969D7-6B6F-4F8E-95E1-F15566A8B82A}.Debug|Any CPU.Build.0 = Debug|Any CPU
		{5CC969D7-6B6F-4F8E-95E1-F15566A8B82A}.Release|Any CPU.ActiveCfg = Release|Any CPU
		{5CC969D7-6B6F-4F8E-95E1-F15566A8B82A}.Release|Any CPU.Build.0 = Release|Any CPU
	EndGlobalSection
	GlobalSection(SolutionProperties) = preSolution
		HideSolutionNode = FALSE
	EndGlobalSection
	GlobalSection(ExtensibilityGlobals) = postSolution
		SolutionGuid = {A4BAC07C-4136-4E00-9D44-BFA97DEA8B74}
	EndGlobalSection
EndGlobal
